{
  "name": "biblioteka_sistema",
  "lockfileVersion": 3,
  "requires": true,
  "packages": {
    "": {
      "dependencies": {
        "calendar": "^0.1.1",
        "dayjs": "^1.11.13",
        "vue-dayjs": "^1.0.2"
      }
    },
    "node_modules/calendar": {
      "version": "0.1.1",
      "resolved": "https://registry.npmjs.org/calendar/-/calendar-0.1.1.tgz",
      "integrity": "sha512-CExn+MxSU1pCsjYiS+Cx8d1MtIZqezxRhpIu8odr1oqvYG/0C1m8lvehHxTl1FslgKbOD7Z5QuEcyk8sGgpZLQ=="
    },
    "node_modules/dayjs": {
      "version": "1.11.13",
      "resolved": "https://registry.npmjs.org/dayjs/-/dayjs-1.11.13.tgz",
      "integrity": "sha512-oaMBel6gjolK862uaPQOVTA7q3TZhuSvuMQAAglQDOWYO9A91IrAOUJEyKVlqJlHE0vq5p5UXxzdPfMH/x6xNg=="
    },
    "node_modules/vue-dayjs": {
      "version": "1.0.2",
      "resolved": "https://registry.npmjs.org/vue-dayjs/-/vue-dayjs-1.0.2.tgz",
      "integrity": "sha512-rYvbpjZ6ZZ2MyQPpyltQmPBqd4+2RRfcFZb5/Fa6VsmBCmeSXTl6RHrHSOY72y5NJOrrxTpBg6VnP556gNSU7w==",
      "dependencies": {
        "dayjs": "^1.5.24"
      }
    }
  }
}
